
Microsoft Visual Studio Solution File, Format Version 12.00
# Visual Studio Version 16
VisualStudioVersion = 16.0.31112.23
MinimumVisualStudioVersion = 10.0.40219.1
Project("{FAE04EC0-301F-11D3-BF4B-00C04F79EFBC}") = "eggs", "eggs\eggs.csproj", "{0515418F-B83F-4686-9A3F-DD7FE1C97AFC}"
EndProject
Global
	GlobalSection(SolutionConfigurationPlatforms) = preSolution
		Debug|Any CPU = Debug|Any CPU
		Release|Any CPU = Release|Any CPU
	EndGlobalSection
	GlobalSection(ProjectConfigurationPlatforms) = postSolution
		{0515418F-B83F-4686-9A3F-DD7FE1C97AFC}.Debug|Any CPU.ActiveCfg = Debug|Any CPU
		{0515418F-B83F-4686-9A3F-DD7FE1C97AFC}.Debug|Any CPU.Build.0 = Debug|Any CPU
		{0515418F-B83F-4686-9A3F-DD7FE1C97AFC}.Release|Any CPU.ActiveCfg = Release|Any CPU
		{0515418F-B83F-4686-9A3F-DD7FE1C97AFC}.Release|Any CPU.Build.0 = Release|Any CPU
	EndGlobalSection
	GlobalSection(SolutionProperties) = preSolution
		HideSolutionNode = FALSE
	EndGlobalSection
	GlobalSection(ExtensibilityGlobals) = postSolution
		SolutionGuid = {28858750-7D0F-4DD4-9901-666074FF66D4}
	EndGlobalSection
EndGlobal
